{
    "_meta": {
        "hash": {
            "sha256": "ed05928d0be527731f8b4b65d109fc860bd3237022390b96e8e82dc9def46ed1"
        },
        "pipfile-spec": 6,
        "requires": {
            "python_version": "3.6"
        },
        "sources": [
            {
                "name": "pypi",
                "url": "https://pypi.org/simple",
                "verify_ssl": true
            }
        ]
    },
    "default": {
        "aiohttp": {
            "hashes": [
                "sha256:3a253332a0d8f82549e65035ebe7199580c3ea0e47071b7428f25b109b3c0310",
                "sha256:3ac6fa105355928e2fc02e876d0d72d6230557d4637017ebf09aec7611124155",
                "sha256:3bfcb76553d7f6296d1a598162d5fb890198f98c021540cbbb85bb604ff198db",
                "sha256:714c62532ca6be90be4b54002743e7ea277ec78b45f04ae86cdc6f45a8400abd",
                "sha256:81a6aaace2b9e8a87531277a5d5f998efbd3554c15bf47173834386966d1bbe1",
                "sha256:ad374a5d7be1de271ecd0fb0ef87c0f8dd9fb062e6fae350fa6c098360018978",
                "sha256:c3e1897726f97d40e067e8b658b2dbdfe216f32b801c5c589212e1b1f9aa8388",
                "sha256:c579ec606f25b3f756f177fee6db344f8d7ef75cfc0603a94c9fa1d1c645789d",
                "sha256:e1985766a4c83fcbdf7dde06544231fc9fb3de8929788179e623d6f9f9f321d2"
            ],
            "version": "==1.0.5"
        },
        "altgraph": {
            "hashes": [
                "sha256:49dc134049903cc73fb76ca3cc9bef5b2b8c01c28732dd29594f99af2b449fc5",
                "sha256:fc28b986a68fde8d3ff0e6d6ba3fbdd2cd562d11d45ef7c7735fbd826c9eec2e"
            ],
            "version": "==0.15"
        },
        "async-timeout": {
            "hashes": [
                "sha256:474d4bc64cee20603e225eb1ece15e248962958b45a3648a9f5cc29e827a610c",
                "sha256:b3c0ddc416736619bd4a95ca31de8da6920c3b9a140c64dbef2b2fa7bf521287"
            ],
            "version": "==3.0.0"
        },
        "asyncio": {
            "hashes": [
                "sha256:83360ff8bc97980e4ff25c964c7bd3923d333d177aa4f7fb736b019f26c7cb41",
                "sha256:b62c9157d36187eca799c378e572c969f0da87cd5fc42ca372d92cdb06e7e1de",
                "sha256:c46a87b48213d7464f22d9a497b9eef8c1928b68320a2fa94240f969f6fec08c",
                "sha256:c4d18b22701821de07bd6aea8b53d21449ec0ec5680645e5317062ea21817d2d"
            ],
            "index": "pypi",
            "version": "==3.4.3"
        },
        "chardet": {
            "hashes": [
                "sha256:84ab92ed1c4d4f16916e05906b6b75a6c0fb5db821cc65e70cbd64a3e2a5eaae",
                "sha256:fc323ffcaeaed0e0a02bf4d117757b98aed530d9ed4531e3e15460124c106691"
            ],
            "version": "==3.0.4"
        },
        "discord": {
            "hashes": [
                "sha256:4ee1e605c41ea91d3607df0ca7ee7deaf787fb188d35e01395d5fa7d06c91b0d"
            ],
            "index": "pypi",
            "version": "==0.0.2"
        },
        "discord.py": {
            "hashes": [
                "sha256:17fb8814100fbaf7a79468baa432184db6cef3bbea4ad194fe297c7407d50108"
            ],
            "version": "==0.16.12"
        },
        "future": {
            "hashes": [
                "sha256:e39ced1ab767b5936646cedba8bcce582398233d6a627067d4c6a454c90cfedb"
            ],
            "version": "==0.16.0"
        },
        "macholib": {
            "hashes": [
                "sha256:7f76a7ef4f58f85889dec25fb532bad5acfd461c444738dfeb2e7bf855d5906b",
                "sha256:9aeec52d7da59912b15445d08b08d95cee48414f01dd035be06f04a825973c08"
            ],
            "version": "==1.9"
        },
        "multidict": {
            "hashes": [
                "sha256:1a1d76374a1e7fe93acef96b354a03c1d7f83e7512e225a527d283da0d7ba5e0",
                "sha256:1d6e191965505652f194bc4c40270a842922685918a4f45e6936a6b15cc5816d",
                "sha256:295961a6a88f1199e19968e15d9b42f3a191c89ec13034dbc212bf9c394c3c82",
                "sha256:2be5af084de6c3b8e20d6421cb0346378a9c867dcf7c86030d6b0b550f9888e4",
                "sha256:2eb99617c7a0e9f2b90b64bc1fb742611718618572747d6f3d6532b7b78755ab",
                "sha256:4ba654c6b5ad1ae4a4d792abeb695b29ce981bb0f157a41d0fd227b385f2bef0",
                "sha256:5ba766433c30d703f6b2c17eb0b6826c6f898e5f58d89373e235f07764952314",
                "sha256:a59d58ee85b11f337b54933e8d758b2356fcdcc493248e004c9c5e5d11eedbe4",
                "sha256:a6e35d28900cf87bcc11e6ca9e474db0099b78f0be0a41d95bef02d49101b5b2",
                "sha256:b4df7ca9c01018a51e43937eaa41f2f5dce17a6382fda0086403bcb1f5c2cf8e",
                "sha256:bbd5a6bffd3ba8bfe75b16b5e28af15265538e8be011b0b9fddc7d86a453fd4a",
                "sha256:d870f399fcd58a1889e93008762a3b9a27cf7ea512818fc6e689f59495648355",
                "sha256:e9404e2e19e901121c3c5c6cffd5a8ae0d1d67919c970e3b3262231175713068"
            ],
            "version": "==4.3.1"
        },
        "pefile": {
            "hashes": [
                "sha256:675c35ee0e1677db9e80d2f48d8a7ff2cf38e6207e8cd5e2a2c6d126db025854"
            ],
            "version": "==2017.11.5"
        },
        "pillow": {
            "hashes": [
                "sha256:00633bc2ec40313f4daf351855e506d296ec3c553f21b66720d0f1225ca84c6f",
                "sha256:03514478db61b034fc5d38b9bf060f994e5916776e93f02e59732a8270069c61",
                "sha256:040144ba422216aecf7577484865ade90e1a475f867301c48bf9fbd7579efd76",
                "sha256:16246261ff22368e5e32ad74d5ef40403ab6895171a7fc6d34f6c17cfc0f1943",
                "sha256:1cb38df69362af35c14d4a50123b63c7ff18ec9a6d4d5da629a6f19d05e16ba8",
                "sha256:2400e122f7b21d9801798207e424cbe1f716cee7314cd0c8963fdb6fc564b5fb",
                "sha256:2ee6364b270b56a49e8b8a51488e847ab130adc1220c171bed6818c0d4742455",
                "sha256:3b4560c3891b05022c464b09121bd507c477505a4e19d703e1027a3a7c68d896",
                "sha256:41374a6afb3f44794410dab54a0d7175e6209a5a02d407119c81083f1a4c1841",
                "sha256:438a3faf5f702c8d0f80b9f9f9b8382cfa048ca6a0d64ef71b86b563b0ee0359",
                "sha256:472a124c640bde4d5468f6991c9fa7e30b723d84ac4195a77c6ab6aea30f2b9c",
                "sha256:4d32c8e3623a61d6e29ccd024066cd1ba556555abfb4cd714155020e00107e3f",
                "sha256:4d8077fd649ac40a5c4165f2c22fa2a4ad18c668e271ecb2f9d849d1017a9313",
                "sha256:62ec7ae98357fcd46002c110bb7cad15fce532776f0cbe7ca1d44c49b837d49d",
                "sha256:6c7cab6a05351cf61e469937c49dbf3cdf5ffb3eeac71f8d22dc9be3507598d8",
                "sha256:6eca36905444c4b91fe61f1b9933a47a30480738a1dd26501ff67d94fc2bc112",
                "sha256:74e2ebfd19c16c28ad43b8a28ff73b904ed382ea4875188838541751986e8c9a",
                "sha256:7673e7473a13107059377c96c563aa36f73184c29d2926882e0a0210b779a1e7",
                "sha256:81762cf5fca9a82b53b7b2d0e6b420e0f3b06167b97678c81d00470daa622d58",
                "sha256:8554bbeb4218d9cfb1917c69e6f2d2ad0be9b18a775d2162547edf992e1f5f1f",
                "sha256:9b66e968da9c4393f5795285528bc862c7b97b91251f31a08004a3c626d18114",
                "sha256:a00edb2dec0035e98ac3ec768086f0b06dfabb4ad308592ede364ef573692f55",
                "sha256:b48401752496757e95304a46213c3155bc911ac884bed2e9b275ce1c1df3e293",
                "sha256:b6cf18f9e653a8077522bb3aa753a776b117e3e0cc872c25811cfdf1459491c2",
                "sha256:bb8adab1877e9213385cbb1adc297ed8337e01872c42a30cfaa66ff8c422779c",
                "sha256:c8a4b39ba380b57a31a4b5449a9d257b1302d8bc4799767e645dcee25725efe1",
                "sha256:cee9bc75bff455d317b6947081df0824a8f118de2786dc3d74a3503fd631f4ef",
                "sha256:d0dc1313dff48af64517cbbd85e046d6b477fbe5e9d69712801f024dcb08c62b",
                "sha256:d5bf527ed83617edd1855a5c923eeeaf68bcb9ac0ceb28e3f19b575b3a424984",
                "sha256:df5863a21f91de5ecdf7d32a32f406dd9867ebb35d41033b8bd9607a21887599",
                "sha256:e39142332541ed2884c257495504858b22c078a5d781059b07aba4c3a80d7551",
                "sha256:e52e8f675ba0b2b417fa98579e7286a41a8e23871f17f4793772f5aa884fea79",
                "sha256:e6dd55d5d94b9e36929325dd0c9ab85bfde84a5fc35947c334c32af1af668944",
                "sha256:e87cc1acbebf263f308a8494272c2d42016aa33c32bf14d209c81e1f65e11868",
                "sha256:ea0091cd4100519cedfeea2c659f52291f535ac6725e2368bcf59e874f270efa",
                "sha256:eeb247f4f4d962942b3b555530b0c63b77473c7bfe475e51c6b75b7344b49ce3",
                "sha256:f0d4433adce6075efd24fc0285135248b0b50f5a58129c7e552030e04fe45c7f",
                "sha256:f1f3bd92f8e12dc22884935a73c9f94c4d9bd0d34410c456540713d6b7832b8c",
                "sha256:f42a87cbf50e905f49f053c0b1fb86c911c730624022bf44c8857244fc4cdaca",
                "sha256:f5f302db65e2e0ae96e26670818157640d3ca83a3054c290eff3631598dcf819",
                "sha256:f7634d534662bbb08976db801ba27a112aee23e597eeaf09267b4575341e45bf",
                "sha256:fdd374c02e8bb2d6468a85be50ea66e1c4ef9e809974c30d8576728473a6ed03",
                "sha256:fe6931db24716a0845bd8c8915bd096b77c2a7043e6fc59ae9ca364fe816f08b"
            ],
            "index": "pypi",
            "version": "==5.1.0"
        },
        "pyinstaller": {
            "hashes": [
                "sha256:715f81f24b1ef0e5fe3b3c71e7540551838e46e9de30882aa7c0a521147fd1ce"
            ],
            "index": "pypi",
            "version": "==3.3.1"
        },
        "websockets": {
            "hashes": [
                "sha256:09dfec40e9b73e8808c39ecdbc1733e33915a2b26b90c54566afc0af546a9ec3",
                "sha256:2aa6d52264cecb08d39741e8fda49f5ac4872aef02617230c84d02e861f3cc5a",
                "sha256:2f5b7f3920f29609086fb0b63552bb1f86a04b8cbdcc0dbf3775cc90d489dfc8",
                "sha256:3d38f76f71654268e5533b45df125ff208fee242a102d4b5ca958da5cf5fb345",
                "sha256:3fcc7dfb365e81ff8206f950c86d1e73accdf3be2f9110c0cb73be32d2e7a9a5",
                "sha256:4128212ab6f91afda03a0c697add261bdf6946b47928db83f07298ea2cd8d937",
                "sha256:43e5b9f51dd0000a4c6f646e2ade0c886bd14a784ffac08b9e079bd17a63bcc5",
                "sha256:4a932c17cb11c361c286c04842dc2385cc7157019bbba8b64808acbc89a95584",
                "sha256:5ddc5fc121eb76771e990f071071d9530e27d20e8cfb804d9f5823de055837af",
                "sha256:7347af28fcc70eb45be409760c2a428f8199e7f73c04a621916c3c219ed7ad27",
                "sha256:85ae1e4b36aa2e90de56d211d2de36d7c093d00277a9afdd9b4f81e69c0214ab",
                "sha256:8a29100079f5b91a72bcd25d35a7354db985d3babae42d00b9d629f9a0aaa8ac",
                "sha256:a7e7585c8e3c0f9277ad7d6ee6ccddc69649cd216255d5e255d68f90482aeefa",
                "sha256:aa42ecef3aed807e23218c264b1e82004cdd131a6698a10b57fc3d8af8f651fc",
                "sha256:b19e7ede1ba80ee9de6f5b8ccd31beee25402e68bef7c13eeb0b8bc46bc4b7b7",
                "sha256:c4c5b5ce2d66cb0cf193c14bc9726adca095febef0f7b2c04e5e3fa3487a97a4",
                "sha256:de743ef26b002efceea7d7756e99e5d38bf5d4f27563b8d27df2a9a5cc57340a",
                "sha256:e1e568136ad5cb6768504be36d470a136b072acbf3ea882303aee6361be01941",
                "sha256:e8992f1db371f2a1c5af59e032d9dc7c1aa92f16241efcda695b7d955b4de0c2",
                "sha256:e9c1cdbb591432c59d0b5ca64fd30b6d517024767f152fc169563b26e7bcc9da"
            ],
            "version": "==3.4"
        }
    },
    "develop": {}
}
